// !$*UTF8*$!
{
	archiveVersion = 1;
	classes = {
	};
	objectVersion = 46;
	objects = {

/* Begin PBXBuildFile section */
		642E2A511A0A032A00DDCF1F /* registerViewController.m in Sources */ = {isa = PBXBuildFile; fileRef = 642E2A4F1A0A032A00DDCF1F /* registerViewController.m */; };
		642E2A521A0A032A00DDCF1F /* registerViewController.xib in Resources */ = {isa = PBXBuildFile; fileRef = 642E2A501A0A032A00DDCF1F /* registerViewController.xib */; };
		642E2A561A0A075E00DDCF1F /* passwordViewController.m in Sources */ = {isa = PBXBuildFile; fileRef = 642E2A541A0A075E00DDCF1F /* passwordViewController.m */; };
		642E2A571A0A075E00DDCF1F /* passwordViewController.xib in Resources */ = {isa = PBXBuildFile; fileRef = 642E2A551A0A075E00DDCF1F /* passwordViewController.xib */; };
		642E2A7D1A0A0C5200DDCF1F /* nav-bar_logo.png in Resources */ = {isa = PBXBuildFile; fileRef = 642E2A591A0A0C5200DDCF1F /* nav-bar_logo.png */; };
		642E2A7E1A0A0C5200DDCF1F /* nav-bar_logo@2x.png in Resources */ = {isa = PBXBuildFile; fileRef = 642E2A5A1A0A0C5200DDCF1F /* nav-bar_logo@2x.png */; };
		642E2A7F1A0A0C5200DDCF1F /* nav-bar_设置.png in Resources */ = {isa = PBXBuildFile; fileRef = 642E2A5B1A0A0C5200DDCF1F /* nav-bar_设置.png */; };
		642E2A801A0A0C5200DDCF1F /* nav-bar_设置@2x.png in Resources */ = {isa = PBXBuildFile; fileRef = 642E2A5C1A0A0C5200DDCF1F /* nav-bar_设置@2x.png */; };
		642E2A811A0A0C5200DDCF1F /* total-screen__bg.png in Resources */ = {isa = PBXBuildFile; fileRef = 642E2A5D1A0A0C5200DDCF1F /* total-screen__bg.png */; };
		642E2A821A0A0C5200DDCF1F /* total-screen__bg@2x.png in Resources */ = {isa = PBXBuildFile; fileRef = 642E2A5E1A0A0C5200DDCF1F /* total-screen__bg@2x.png */; };
		642E2A831A0A0C5200DDCF1F /* total-screen__user.png in Resources */ = {isa = PBXBuildFile; fileRef = 642E2A5F1A0A0C5200DDCF1F /* total-screen__user.png */; };
		642E2A841A0A0C5200DDCF1F /* total-screen__user@2x.png in Resources */ = {isa = PBXBuildFile; fileRef = 642E2A601A0A0C5200DDCF1F /* total-screen__user@2x.png */; };
		642E2A851A0A0C5200DDCF1F /* total-screen__密码.png in Resources */ = {isa = PBXBuildFile; fileRef = 642E2A611A0A0C5200DDCF1F /* total-screen__密码.png */; };
		642E2A861A0A0C5200DDCF1F /* total-screen__密码@2x.png in Resources */ = {isa = PBXBuildFile; fileRef = 642E2A621A0A0C5200DDCF1F /* total-screen__密码@2x.png */; };
		642E2A871A0A0C5200DDCF1F /* total-screen__用户.png in Resources */ = {isa = PBXBuildFile; fileRef = 642E2A631A0A0C5200DDCF1F /* total-screen__用户.png */; };
		642E2A881A0A0C5200DDCF1F /* total-screen__用户@2x.png in Resources */ = {isa = PBXBuildFile; fileRef = 642E2A641A0A0C5200DDCF1F /* total-screen__用户@2x.png */; };
		642E2A891A0A0C5200DDCF1F /* total-screen_btn-normal.png in Resources */ = {isa = PBXBuildFile; fileRef = 642E2A651A0A0C5200DDCF1F /* total-screen_btn-normal.png */; };
		642E2A8A1A0A0C5200DDCF1F /* total-screen_btn-normal@2x.png in Resources */ = {isa = PBXBuildFile; fileRef = 642E2A661A0A0C5200DDCF1F /* total-screen_btn-normal@2x.png */; };
		642E2A8B1A0A0C5200DDCF1F /* total-screen_btn-pressed.png in Resources */ = {isa = PBXBuildFile; fileRef = 642E2A671A0A0C5200DDCF1F /* total-screen_btn-pressed.png */; };
		642E2A8C1A0A0C5200DDCF1F /* total-screen_btn-pressed@2x.png in Resources */ = {isa = PBXBuildFile; fileRef = 642E2A681A0A0C5200DDCF1F /* total-screen_btn-pressed@2x.png */; };
		642E2A8D1A0A0C5200DDCF1F /* total-screen_line.png in Resources */ = {isa = PBXBuildFile; fileRef = 642E2A691A0A0C5200DDCF1F /* total-screen_line.png */; };
		642E2A8E1A0A0C5200DDCF1F /* total-screen_line@2x.png in Resources */ = {isa = PBXBuildFile; fileRef = 642E2A6A1A0A0C5200DDCF1F /* total-screen_line@2x.png */; };
		642E2A8F1A0A0C5200DDCF1F /* total-screen_找回密码normal.png in Resources */ = {isa = PBXBuildFile; fileRef = 642E2A6B1A0A0C5200DDCF1F /* total-screen_找回密码normal.png */; };
		642E2A901A0A0C5200DDCF1F /* total-screen_找回密码normal@2x.png in Resources */ = {isa = PBXBuildFile; fileRef = 642E2A6C1A0A0C5200DDCF1F /* total-screen_找回密码normal@2x.png */; };
		642E2A911A0A0C5200DDCF1F /* total-screen_找回密码pressed.png in Resources */ = {isa = PBXBuildFile; fileRef = 642E2A6D1A0A0C5200DDCF1F /* total-screen_找回密码pressed.png */; };
		642E2A921A0A0C5200DDCF1F /* total-screen_找回密码pressed@2x.png in Resources */ = {isa = PBXBuildFile; fileRef = 642E2A6E1A0A0C5200DDCF1F /* total-screen_找回密码pressed@2x.png */; };
		642E2A931A0A0C5200DDCF1F /* total-screen_注册normal.png in Resources */ = {isa = PBXBuildFile; fileRef = 642E2A6F1A0A0C5200DDCF1F /* total-screen_注册normal.png */; };
		642E2A941A0A0C5200DDCF1F /* total-screen_注册normal@2x.png in Resources */ = {isa = PBXBuildFile; fileRef = 642E2A701A0A0C5200DDCF1F /* total-screen_注册normal@2x.png */; };
		642E2A951A0A0C5200DDCF1F /* total-screen_注册pressed.png in Resources */ = {isa = PBXBuildFile; fileRef = 642E2A711A0A0C5200DDCF1F /* total-screen_注册pressed.png */; };
		642E2A961A0A0C5200DDCF1F /* total-screen_注册pressed@2x.png in Resources */ = {isa = PBXBuildFile; fileRef = 642E2A721A0A0C5200DDCF1F /* total-screen_注册pressed@2x.png */; };
		642E2A971A0A0C5200DDCF1F /* total-screen_登录normal.png in Resources */ = {isa = PBXBuildFile; fileRef = 642E2A731A0A0C5200DDCF1F /* total-screen_登录normal.png */; };
		642E2A981A0A0C5200DDCF1F /* total-screen_登录normal@2x.png in Resources */ = {isa = PBXBuildFile; fileRef = 642E2A741A0A0C5200DDCF1F /* total-screen_登录normal@2x.png */; };
		642E2A991A0A0C5200DDCF1F /* total-screen_登录pressed.png in Resources */ = {isa = PBXBuildFile; fileRef = 642E2A751A0A0C5200DDCF1F /* total-screen_登录pressed.png */; };
		642E2A9A1A0A0C5200DDCF1F /* total-screen_登录pressed@2x.png in Resources */ = {isa = PBXBuildFile; fileRef = 642E2A761A0A0C5200DDCF1F /* total-screen_登录pressed@2x.png */; };
		642E2A9B1A0A0C5200DDCF1F /* total-screen_输入框.png in Resources */ = {isa = PBXBuildFile; fileRef = 642E2A771A0A0C5200DDCF1F /* total-screen_输入框.png */; };
		642E2A9C1A0A0C5200DDCF1F /* total-screen_输入框@2x.png in Resources */ = {isa = PBXBuildFile; fileRef = 642E2A781A0A0C5200DDCF1F /* total-screen_输入框@2x.png */; };
		642E2A9D1A0A0C5200DDCF1F /* total-screen_验证码输入框.png in Resources */ = {isa = PBXBuildFile; fileRef = 642E2A791A0A0C5200DDCF1F /* total-screen_验证码输入框.png */; };
		642E2A9E1A0A0C5200DDCF1F /* total-screen_验证码输入框@2x.png in Resources */ = {isa = PBXBuildFile; fileRef = 642E2A7A1A0A0C5200DDCF1F /* total-screen_验证码输入框@2x.png */; };
		642E2A9F1A0A0C5200DDCF1F /* 弹出框_bg.png in Resources */ = {isa = PBXBuildFile; fileRef = 642E2A7B1A0A0C5200DDCF1F /* 弹出框_bg.png */; };
		642E2AA01A0A0C5200DDCF1F /* 弹出框_bg@2x.png in Resources */ = {isa = PBXBuildFile; fileRef = 642E2A7C1A0A0C5200DDCF1F /* 弹出框_bg@2x.png */; };
		64E7690A1A0B163F00DC95A8 /* finshiRegisterViewController.m in Sources */ = {isa = PBXBuildFile; fileRef = 64E769081A0B163F00DC95A8 /* finshiRegisterViewController.m */; };
		64E7690B1A0B163F00DC95A8 /* finshiRegisterViewController.xib in Resources */ = {isa = PBXBuildFile; fileRef = 64E769091A0B163F00DC95A8 /* finshiRegisterViewController.xib */; };
		64E7690F1A0B7A0F00DC95A8 /* passwordFindViewController.m in Sources */ = {isa = PBXBuildFile; fileRef = 64E7690D1A0B7A0F00DC95A8 /* passwordFindViewController.m */; };
		64E769101A0B7A0F00DC95A8 /* passwordFindViewController.xib in Resources */ = {isa = PBXBuildFile; fileRef = 64E7690E1A0B7A0F00DC95A8 /* passwordFindViewController.xib */; };
		F667C01F1A07661000AA6484 /* TabBarViewController.m in Sources */ = {isa = PBXBuildFile; fileRef = F667C01D1A07661000AA6484 /* TabBarViewController.m */; };
		F66968121A08B87000157607 /* WaitView.m in Sources */ = {isa = PBXBuildFile; fileRef = F66968111A08B87000157607 /* WaitView.m */; };
		F66968141A08BE5100157607 /* Default-568h@2x.png in Resources */ = {isa = PBXBuildFile; fileRef = F66968131A08BE5100157607 /* Default-568h@2x.png */; };
		F67EF2EC1A071D4400EA1A9A /* Foundation.framework in Frameworks */ = {isa = PBXBuildFile; fileRef = F67EF2EB1A071D4400EA1A9A /* Foundation.framework */; };
		F67EF2EE1A071D4400EA1A9A /* CoreGraphics.framework in Frameworks */ = {isa = PBXBuildFile; fileRef = F67EF2ED1A071D4400EA1A9A /* CoreGraphics.framework */; };
		F67EF2F01A071D4400EA1A9A /* UIKit.framework in Frameworks */ = {isa = PBXBuildFile; fileRef = F67EF2EF1A071D4400EA1A9A /* UIKit.framework */; };
		F67EF2F61A071D4400EA1A9A /* InfoPlist.strings in Resources */ = {isa = PBXBuildFile; fileRef = F67EF2F41A071D4400EA1A9A /* InfoPlist.strings */; };
		F67EF2F81A071D4400EA1A9A /* main.m in Sources */ = {isa = PBXBuildFile; fileRef = F67EF2F71A071D4400EA1A9A /* main.m */; };
		F67EF2FC1A071D4400EA1A9A /* AppDelegate.m in Sources */ = {isa = PBXBuildFile; fileRef = F67EF2FB1A071D4400EA1A9A /* AppDelegate.m */; };
		F67EF2FE1A071D4400EA1A9A /* Images.xcassets in Resources */ = {isa = PBXBuildFile; fileRef = F67EF2FD1A071D4400EA1A9A /* Images.xcassets */; };
		F67EF3051A071D4400EA1A9A /* XCTest.framework in Frameworks */ = {isa = PBXBuildFile; fileRef = F67EF3041A071D4400EA1A9A /* XCTest.framework */; };
		F67EF3061A071D4400EA1A9A /* Foundation.framework in Frameworks */ = {isa = PBXBuildFile; fileRef = F67EF2EB1A071D4400EA1A9A /* Foundation.framework */; };
		F67EF3071A071D4400EA1A9A /* UIKit.framework in Frameworks */ = {isa = PBXBuildFile; fileRef = F67EF2EF1A071D4400EA1A9A /* UIKit.framework */; };
		F67EF30F1A071D4400EA1A9A /* InfoPlist.strings in Resources */ = {isa = PBXBuildFile; fileRef = F67EF30D1A071D4400EA1A9A /* InfoPlist.strings */; };
		F67EF3111A071D4500EA1A9A /* DoctorAndETests.m in Sources */ = {isa = PBXBuildFile; fileRef = F67EF3101A071D4500EA1A9A /* DoctorAndETests.m */; };
		F67EF3841A07287A00EA1A9A /* LoginViewController.m in Sources */ = {isa = PBXBuildFile; fileRef = F67EF3821A07287A00EA1A9A /* LoginViewController.m */; };
		F67EF3851A07287A00EA1A9A /* LoginViewController.xib in Resources */ = {isa = PBXBuildFile; fileRef = F67EF3831A07287A00EA1A9A /* LoginViewController.xib */; };
		F67EF3891A07289600EA1A9A /* HomeViewController.m in Sources */ = {isa = PBXBuildFile; fileRef = F67EF3871A07289600EA1A9A /* HomeViewController.m */; };
		F67EF38A1A07289600EA1A9A /* HomeViewController.xib in Resources */ = {isa = PBXBuildFile; fileRef = F67EF3881A07289600EA1A9A /* HomeViewController.xib */; };
		F67EF38E1A0728A400EA1A9A /* MedicalCentreViewController.m in Sources */ = {isa = PBXBuildFile; fileRef = F67EF38C1A0728A400EA1A9A /* MedicalCentreViewController.m */; };
		F67EF38F1A0728A400EA1A9A /* MedicalCentreViewController.xib in Resources */ = {isa = PBXBuildFile; fileRef = F67EF38D1A0728A400EA1A9A /* MedicalCentreViewController.xib */; };
		F67EF3931A0728B400EA1A9A /* HealthStoreViewController.m in Sources */ = {isa = PBXBuildFile; fileRef = F67EF3911A0728B400EA1A9A /* HealthStoreViewController.m */; };
		F67EF3941A0728B400EA1A9A /* HealthStoreViewController.xib in Resources */ = {isa = PBXBuildFile; fileRef = F67EF3921A0728B400EA1A9A /* HealthStoreViewController.xib */; };
		F67EF3981A0728C300EA1A9A /* AppCentreViewController.m in Sources */ = {isa = PBXBuildFile; fileRef = F67EF3961A0728C300EA1A9A /* AppCentreViewController.m */; };
		F67EF3991A0728C300EA1A9A /* AppCentreViewController.xib in Resources */ = {isa = PBXBuildFile; fileRef = F67EF3971A0728C300EA1A9A /* AppCentreViewController.xib */; };
		F67EF39D1A0728D000EA1A9A /* PersonalCentreViewController.m in Sources */ = {isa = PBXBuildFile; fileRef = F67EF39B1A0728D000EA1A9A /* PersonalCentreViewController.m */; };
		F67EF39E1A0728D000EA1A9A /* PersonalCentreViewController.xib in Resources */ = {isa = PBXBuildFile; fileRef = F67EF39C1A0728D000EA1A9A /* PersonalCentreViewController.xib */; };
		F68F85BC1A08C20C00B868F9 /* MBProgressHUD.m in Sources */ = {isa = PBXBuildFile; fileRef = F68F85BB1A08C20C00B868F9 /* MBProgressHUD.m */; };
		F68F85BF1A08C23F00B868F9 /* Tools.m in Sources */ = {isa = PBXBuildFile; fileRef = F68F85BE1A08C23F00B868F9 /* Tools.m */; };
		F6AAE98C1A07C2F400D21E28 /* 个人中心_normal.png in Resources */ = {isa = PBXBuildFile; fileRef = F6AAE9821A07C2F400D21E28 /* 个人中心_normal.png */; };
		F6AAE98D1A07C2F400D21E28 /* 个人中心_pressed.png in Resources */ = {isa = PBXBuildFile; fileRef = F6AAE9831A07C2F400D21E28 /* 个人中心_pressed.png */; };
		F6AAE98E1A07C2F400D21E28 /* 健康商城_normal.png in Resources */ = {isa = PBXBuildFile; fileRef = F6AAE9841A07C2F400D21E28 /* 健康商城_normal.png */; };
		F6AAE98F1A07C2F400D21E28 /* 健康商城_pressed.png in Resources */ = {isa = PBXBuildFile; fileRef = F6AAE9851A07C2F400D21E28 /* 健康商城_pressed.png */; };
		F6AAE9901A07C2F400D21E28 /* 首页_normal.png in Resources */ = {isa = PBXBuildFile; fileRef = F6AAE9861A07C2F400D21E28 /* 首页_normal.png */; };
		F6AAE9911A07C2F400D21E28 /* 首页_pressed.png in Resources */ = {isa = PBXBuildFile; fileRef = F6AAE9871A07C2F400D21E28 /* 首页_pressed.png */; };
		F6AAE9921A07C2F400D21E28 /* 医疗中心_normal.png in Resources */ = {isa = PBXBuildFile; fileRef = F6AAE9881A07C2F400D21E28 /* 医疗中心_normal.png */; };
		F6AAE9931A07C2F400D21E28 /* 医疗中心_pressed.png in Resources */ = {isa = PBXBuildFile; fileRef = F6AAE9891A07C2F400D21E28 /* 医疗中心_pressed.png */; };
		F6AAE9941A07C2F400D21E28 /* 应用中心_normal.png in Resources */ = {isa = PBXBuildFile; fileRef = F6AAE98A1A07C2F400D21E28 /* 应用中心_normal.png */; };
		F6AAE9951A07C2F400D21E28 /* 应用中心_pressed.png in Resources */ = {isa = PBXBuildFile; fileRef = F6AAE98B1A07C2F400D21E28 /* 应用中心_pressed.png */; };
		F6AAE9A01A07CAE700D21E28 /* 个人中心_normal@2x.png in Resources */ = {isa = PBXBuildFile; fileRef = F6AAE9961A07CAE700D21E28 /* 个人中心_normal@2x.png */; };
		F6AAE9A11A07CAE700D21E28 /* 个人中心_pressed@2x.png in Resources */ = {isa = PBXBuildFile; fileRef = F6AAE9971A07CAE700D21E28 /* 个人中心_pressed@2x.png */; };
		F6AAE9A21A07CAE700D21E28 /* 健康商城_normal@2x.png in Resources */ = {isa = PBXBuildFile; fileRef = F6AAE9981A07CAE700D21E28 /* 健康商城_normal@2x.png */; };
		F6AAE9A31A07CAE700D21E28 /* 健康商城_pressed@2x.png in Resources */ = {isa = PBXBuildFile; fileRef = F6AAE9991A07CAE700D21E28 /* 健康商城_pressed@2x.png */; };
		F6AAE9A41A07CAE700D21E28 /* 首页_normal@2x.png in Resources */ = {isa = PBXBuildFile; fileRef = F6AAE99A1A07CAE700D21E28 /* 首页_normal@2x.png */; };
		F6AAE9A51A07CAE700D21E28 /* 首页_pressed@2x.png in Resources */ = {isa = PBXBuildFile; fileRef = F6AAE99B1A07CAE700D21E28 /* 首页_pressed@2x.png */; };
		F6AAE9A61A07CAE700D21E28 /* 医疗中心_normal@2x.png in Resources */ = {isa = PBXBuildFile; fileRef = F6AAE99C1A07CAE700D21E28 /* 医疗中心_normal@2x.png */; };
		F6AAE9A71A07CAE700D21E28 /* 医疗中心_pressed@2x.png in Resources */ = {isa = PBXBuildFile; fileRef = F6AAE99D1A07CAE700D21E28 /* 医疗中心_pressed@2x.png */; };
		F6AAE9A81A07CAE700D21E28 /* 应用中心_normal@2x.png in Resources */ = {isa = PBXBuildFile; fileRef = F6AAE99E1A07CAE700D21E28 /* 应用中心_normal@2x.png */; };
		F6AAE9A91A07CAE700D21E28 /* 应用中心_pressed@2x.png in Resources */ = {isa = PBXBuildFile; fileRef = F6AAE99F1A07CAE700D21E28 /* 应用中心_pressed@2x.png */; };
		F6C674D11A087DB0003786E3 /* Default.png in Resources */ = {isa = PBXBuildFile; fileRef = F6C674CB1A087DAF003786E3 /* Default.png */; };
		F6C674D21A087DB0003786E3 /* Default@2x.png in Resources */ = {isa = PBXBuildFile; fileRef = F6C674CC1A087DAF003786E3 /* Default@2x.png */; };
		F6C674D31A087DB0003786E3 /* icon_@2x.png in Resources */ = {isa = PBXBuildFile; fileRef = F6C674CD1A087DAF003786E3 /* icon_@2x.png */; };
		F6C674D41A087DB0003786E3 /* icon_120.png in Resources */ = {isa = PBXBuildFile; fileRef = F6C674CE1A087DAF003786E3 /* icon_120.png */; };
		F6C674D51A087DB0003786E3 /* icon.png in Resources */ = {isa = PBXBuildFile; fileRef = F6C674CF1A087DAF003786E3 /* icon.png */; };
/* End PBXBuildFile section */

/* Begin PBXContainerItemProxy section */
		F67EF3081A071D4400EA1A9A /* PBXContainerItemProxy */ = {
			isa = PBXContainerItemProxy;
			containerPortal = F67EF2E01A071D4400EA1A9A /* Project object */;
			proxyType = 1;
			remoteGlobalIDString = F67EF2E71A071D4400EA1A9A;
			remoteInfo = DoctorAndE;
		};
/* End PBXContainerItemProxy section */

/* Begin PBXFileReference section */
		642E2A4E1A0A032A00DDCF1F /* registerViewController.h */ = {isa = PBXFileReference; fileEncoding = 4; lastKnownFileType = sourcecode.c.h; name = registerViewController.h; path = Class/Login/registerViewController.h; sourceTree = "<group>"; };
		642E2A4F1A0A032A00DDCF1F /* registerViewController.m */ = {isa = PBXFileReference; fileEncoding = 4; lastKnownFileType = sourcecode.c.objc; name = registerViewController.m; path = Class/Login/registerViewController.m; sourceTree = "<group>"; };
		642E2A501A0A032A00DDCF1F /* registerViewController.xib */ = {isa = PBXFileReference; fileEncoding = 4; lastKnownFileType = file.xib; name = registerViewController.xib; path = Class/Login/registerViewController.xib; sourceTree = "<group>"; };
		642E2A531A0A075E00DDCF1F /* passwordViewController.h */ = {isa = PBXFileReference; fileEncoding = 4; lastKnownFileType = sourcecode.c.h; name = passwordViewController.h; path = Class/Login/passwordViewController.h; sourceTree = "<group>"; };
		642E2A541A0A075E00DDCF1F /* passwordViewController.m */ = {isa = PBXFileReference; fileEncoding = 4; lastKnownFileType = sourcecode.c.objc; name = passwordViewController.m; path = Class/Login/passwordViewController.m; sourceTree = "<group>"; };
		642E2A551A0A075E00DDCF1F /* passwordViewController.xib */ = {isa = PBXFileReference; fileEncoding = 4; lastKnownFileType = file.xib; name = passwordViewController.xib; path = Class/Login/passwordViewController.xib; sourceTree = "<group>"; };
		642E2A591A0A0C5200DDCF1F /* nav-bar_logo.png */ = {isa = PBXFileReference; lastKnownFileType = image.png; name = "nav-bar_logo.png"; path = "0登录/nav-bar_logo.png"; sourceTree = "<group>"; };
		642E2A5A1A0A0C5200DDCF1F /* nav-bar_logo@2x.png */ = {isa = PBXFileReference; lastKnownFileType = image.png; name = "nav-bar_logo@2x.png"; path = "0登录/nav-bar_logo@2x.png"; sourceTree = "<group>"; };
		642E2A5B1A0A0C5200DDCF1F /* nav-bar_设置.png */ = {isa = PBXFileReference; lastKnownFileType = image.png; name = "nav-bar_设置.png"; path = "0登录/nav-bar_设置.png"; sourceTree = "<group>"; };
		642E2A5C1A0A0C5200DDCF1F /* nav-bar_设置@2x.png */ = {isa = PBXFileReference; lastKnownFileType = image.png; name = "nav-bar_设置@2x.png"; path = "0登录/nav-bar_设置@2x.png"; sourceTree = "<group>"; };
		642E2A5D1A0A0C5200DDCF1F /* total-screen__bg.png */ = {isa = PBXFileReference; lastKnownFileType = image.png; name = "total-screen__bg.png"; path = "0登录/total-screen__bg.png"; sourceTree = "<group>"; };
		642E2A5E1A0A0C5200DDCF1F /* total-screen__bg@2x.png */ = {isa = PBXFileReference; lastKnownFileType = image.png; name = "total-screen__bg@2x.png"; path = "0登录/total-screen__bg@2x.png"; sourceTree = "<group>"; };
		642E2A5F1A0A0C5200DDCF1F /* total-screen__user.png */ = {isa = PBXFileReference; lastKnownFileType = image.png; name = "total-screen__user.png"; path = "0登录/total-screen__user.png"; sourceTree = "<group>"; };
		642E2A601A0A0C5200DDCF1F /* total-screen__user@2x.png */ = {isa = PBXFileReference; lastKnownFileType = image.png; name = "total-screen__user@2x.png"; path = "0登录/total-screen__user@2x.png"; sourceTree = "<group>"; };
		642E2A611A0A0C5200DDCF1F /* total-screen__密码.png */ = {isa = PBXFileReference; lastKnownFileType = image.png; name = "total-screen__密码.png"; path = "0登录/total-screen__密码.png"; sourceTree = "<group>"; };
		642E2A621A0A0C5200DDCF1F /* total-screen__密码@2x.png */ = {isa = PBXFileReference; lastKnownFileType = image.png; name = "total-screen__密码@2x.png"; path = "0登录/total-screen__密码@2x.png"; sourceTree = "<group>"; };
		642E2A631A0A0C5200DDCF1F /* total-screen__用户.png */ = {isa = PBXFileReference; lastKnownFileType = image.png; name = "total-screen__用户.png"; path = "0登录/total-screen__用户.png"; sourceTree = "<group>"; };
		642E2A641A0A0C5200DDCF1F /* total-screen__用户@2x.png */ = {isa = PBXFileReference; lastKnownFileType = image.png; name = "total-screen__用户@2x.png"; path = "0登录/total-screen__用户@2x.png"; sourceTree = "<group>"; };
		642E2A651A0A0C5200DDCF1F /* total-screen_btn-normal.png */ = {isa = PBXFileReference; lastKnownFileType = image.png; name = "total-screen_btn-normal.png"; path = "0登录/total-screen_btn-normal.png"; sourceTree = "<group>"; };
		642E2A661A0A0C5200DDCF1F /* total-screen_btn-normal@2x.png */ = {isa = PBXFileReference; lastKnownFileType = image.png; name = "total-screen_btn-normal@2x.png"; path = "0登录/total-screen_btn-normal@2x.png"; sourceTree = "<group>"; };
		642E2A671A0A0C5200DDCF1F /* total-screen_btn-pressed.png */ = {isa = PBXFileReference; lastKnownFileType = image.png; name = "total-screen_btn-pressed.png"; path = "0登录/total-screen_btn-pressed.png"; sourceTree = "<group>"; };
		642E2A681A0A0C5200DDCF1F /* total-screen_btn-pressed@2x.png */ = {isa = PBXFileReference; lastKnownFileType = image.png; name = "total-screen_btn-pressed@2x.png"; path = "0登录/total-screen_btn-pressed@2x.png"; sourceTree = "<group>"; };
		642E2A691A0A0C5200DDCF1F /* total-screen_line.png */ = {isa = PBXFileReference; lastKnownFileType = image.png; name = "total-screen_line.png"; path = "0登录/total-screen_line.png"; sourceTree = "<group>"; };
		642E2A6A1A0A0C5200DDCF1F /* total-screen_line@2x.png */ = {isa = PBXFileReference; lastKnownFileType = image.png; name = "total-screen_line@2x.png"; path = "0登录/total-screen_line@2x.png"; sourceTree = "<group>"; };
		642E2A6B1A0A0C5200DDCF1F /* total-screen_找回密码normal.png */ = {isa = PBXFileReference; lastKnownFileType = image.png; name = "total-screen_找回密码normal.png"; path = "0登录/total-screen_找回密码normal.png"; sourceTree = "<group>"; };
		642E2A6C1A0A0C5200DDCF1F /* total-screen_找回密码normal@2x.png */ = {isa = PBXFileReference; lastKnownFileType = image.png; name = "total-screen_找回密码normal@2x.png"; path = "0登录/total-screen_找回密码normal@2x.png"; sourceTree = "<group>"; };
		642E2A6D1A0A0C5200DDCF1F /* total-screen_找回密码pressed.png */ = {isa = PBXFileReference; lastKnownFileType = image.png; name = "total-screen_找回密码pressed.png"; path = "0登录/total-screen_找回密码pressed.png"; sourceTree = "<group>"; };
		642E2A6E1A0A0C5200DDCF1F /* total-screen_找回密码pressed@2x.png */ = {isa = PBXFileReference; lastKnownFileType = image.png; name = "total-screen_找回密码pressed@2x.png"; path = "0登录/total-screen_找回密码pressed@2x.png"; sourceTree = "<group>"; };
		642E2A6F1A0A0C5200DDCF1F /* total-screen_注册normal.png */ = {isa = PBXFileReference; lastKnownFileType = image.png; name = "total-screen_注册normal.png"; path = "0登录/total-screen_注册normal.png"; sourceTree = "<group>"; };
		642E2A701A0A0C5200DDCF1F /* total-screen_注册normal@2x.png */ = {isa = PBXFileReference; lastKnownFileType = image.png; name = "total-screen_注册normal@2x.png"; path = "0登录/total-screen_注册normal@2x.png"; sourceTree = "<group>"; };
		642E2A711A0A0C5200DDCF1F /* total-screen_注册pressed.png */ = {isa = PBXFileReference; lastKnownFileType = image.png; name = "total-screen_注册pressed.png"; path = "0登录/total-screen_注册pressed.png"; sourceTree = "<group>"; };
		642E2A721A0A0C5200DDCF1F /* total-screen_注册pressed@2x.png */ = {isa = PBXFileReference; lastKnownFileType = image.png; name = "total-screen_注册pressed@2x.png"; path = "0登录/total-screen_注册pressed@2x.png"; sourceTree = "<group>"; };
		642E2A731A0A0C5200DDCF1F /* total-screen_登录normal.png */ = {isa = PBXFileReference; lastKnownFileType = image.png; name = "total-screen_登录normal.png"; path = "0登录/total-screen_登录normal.png"; sourceTree = "<group>"; };
		642E2A741A0A0C5200DDCF1F /* total-screen_登录normal@2x.png */ = {isa = PBXFileReference; lastKnownFileType = image.png; name = "total-screen_登录normal@2x.png"; path = "0登录/total-screen_登录normal@2x.png"; sourceTree = "<group>"; };
		642E2A751A0A0C5200DDCF1F /* total-screen_登录pressed.png */ = {isa = PBXFileReference; lastKnownFileType = image.png; name = "total-screen_登录pressed.png"; path = "0登录/total-screen_登录pressed.png"; sourceTree = "<group>"; };
		642E2A761A0A0C5200DDCF1F /* total-screen_登录pressed@2x.png */ = {isa = PBXFileReference; lastKnownFileType = image.png; name = "total-screen_登录pressed@2x.png"; path = "0登录/total-screen_登录pressed@2x.png"; sourceTree = "<group>"; };
		642E2A771A0A0C5200DDCF1F /* total-screen_输入框.png */ = {isa = PBXFileReference; lastKnownFileType = image.png; name = "total-screen_输入框.png"; path = "0登录/total-screen_输入框.png"; sourceTree = "<group>"; };
		642E2A781A0A0C5200DDCF1F /* total-screen_输入框@2x.png */ = {isa = PBXFileReference; lastKnownFileType = image.png; name = "total-screen_输入框@2x.png"; path = "0登录/total-screen_输入框@2x.png"; sourceTree = "<group>"; };
		642E2A791A0A0C5200DDCF1F /* total-screen_验证码输入框.png */ = {isa = PBXFileReference; lastKnownFileType = image.png; name = "total-screen_验证码输入框.png"; path = "0登录/total-screen_验证码输入框.png"; sourceTree = "<group>"; };
		642E2A7A1A0A0C5200DDCF1F /* total-screen_验证码输入框@2x.png */ = {isa = PBXFileReference; lastKnownFileType = image.png; name = "total-screen_验证码输入框@2x.png"; path = "0登录/total-screen_验证码输入框@2x.png"; sourceTree = "<group>"; };
		642E2A7B1A0A0C5200DDCF1F /* 弹出框_bg.png */ = {isa = PBXFileReference; lastKnownFileType = image.png; name = "弹出框_bg.png"; path = "0登录/弹出框_bg.png"; sourceTree = "<group>"; };
		642E2A7C1A0A0C5200DDCF1F /* 弹出框_bg@2x.png */ = {isa = PBXFileReference; lastKnownFileType = image.png; name = "弹出框_bg@2x.png"; path = "0登录/弹出框_bg@2x.png"; sourceTree = "<group>"; };
		64E769071A0B163F00DC95A8 /* finshiRegisterViewController.h */ = {isa = PBXFileReference; fileEncoding = 4; lastKnownFileType = sourcecode.c.h; name = finshiRegisterViewController.h; path = Class/Login/finshiRegisterViewController.h; sourceTree = "<group>"; };
		64E769081A0B163F00DC95A8 /* finshiRegisterViewController.m */ = {isa = PBXFileReference; fileEncoding = 4; lastKnownFileType = sourcecode.c.objc; name = finshiRegisterViewController.m; path = Class/Login/finshiRegisterViewController.m; sourceTree = "<group>"; };
		64E769091A0B163F00DC95A8 /* finshiRegisterViewController.xib */ = {isa = PBXFileReference; fileEncoding = 4; lastKnownFileType = file.xib; name = finshiRegisterViewController.xib; path = Class/Login/finshiRegisterViewController.xib; sourceTree = "<group>"; };
		64E7690C1A0B7A0F00DC95A8 /* passwordFindViewController.h */ = {isa = PBXFileReference; fileEncoding = 4; lastKnownFileType = sourcecode.c.h; name = passwordFindViewController.h; path = Class/Login/passwordFindViewController.h; sourceTree = "<group>"; };
		64E7690D1A0B7A0F00DC95A8 /* passwordFindViewController.m */ = {isa = PBXFileReference; fileEncoding = 4; lastKnownFileType = sourcecode.c.objc; name = passwordFindViewController.m; path = Class/Login/passwordFindViewController.m; sourceTree = "<group>"; };
		64E7690E1A0B7A0F00DC95A8 /* passwordFindViewController.xib */ = {isa = PBXFileReference; fileEncoding = 4; lastKnownFileType = file.xib; name = passwordFindViewController.xib; path = Class/Login/passwordFindViewController.xib; sourceTree = "<group>"; };
		F667C01C1A07661000AA6484 /* TabBarViewController.h */ = {isa = PBXFileReference; fileEncoding = 4; lastKnownFileType = sourcecode.c.h; name = TabBarViewController.h; path = Class/TabBarViewController.h; sourceTree = "<group>"; };
		F667C01D1A07661000AA6484 /* TabBarViewController.m */ = {isa = PBXFileReference; fileEncoding = 4; lastKnownFileType = sourcecode.c.objc; name = TabBarViewController.m; path = Class/TabBarViewController.m; sourceTree = "<group>"; };
		F66968101A08B87000157607 /* WaitView.h */ = {isa = PBXFileReference; fileEncoding = 4; lastKnownFileType = sourcecode.c.h; path = WaitView.h; sourceTree = "<group>"; };
		F66968111A08B87000157607 /* WaitView.m */ = {isa = PBXFileReference; fileEncoding = 4; lastKnownFileType = sourcecode.c.objc; path = WaitView.m; sourceTree = "<group>"; };
		F66968131A08BE5100157607 /* Default-568h@2x.png */ = {isa = PBXFileReference; lastKnownFileType = image.png; name = "Default-568h@2x.png"; path = "Images/Default-568h@2x.png"; sourceTree = "<group>"; };
		F67EF2E81A071D4400EA1A9A /* 医加e.app */ = {isa = PBXFileReference; explicitFileType = wrapper.application; includeInIndex = 0; path = "医加e.app"; sourceTree = BUILT_PRODUCTS_DIR; };
		F67EF2EB1A071D4400EA1A9A /* Foundation.framework */ = {isa = PBXFileReference; lastKnownFileType = wrapper.framework; name = Foundation.framework; path = System/Library/Frameworks/Foundation.framework; sourceTree = SDKROOT; };
		F67EF2ED1A071D4400EA1A9A /* CoreGraphics.framework */ = {isa = PBXFileReference; lastKnownFileType = wrapper.framework; name = CoreGraphics.framework; path = System/Library/Frameworks/CoreGraphics.framework; sourceTree = SDKROOT; };
		F67EF2EF1A071D4400EA1A9A /* UIKit.framework */ = {isa = PBXFileReference; lastKnownFileType = wrapper.framework; name = UIKit.framework; path = System/Library/Frameworks/UIKit.framework; sourceTree = SDKROOT; };
		F67EF2F31A071D4400EA1A9A /* DoctorAndE-Info.plist */ = {isa = PBXFileReference; lastKnownFileType = text.plist.xml; path = "DoctorAndE-Info.plist"; sourceTree = "<group>"; };
		F67EF2F51A071D4400EA1A9A /* en */ = {isa = PBXFileReference; lastKnownFileType = text.plist.strings; name = en; path = en.lproj/InfoPlist.strings; sourceTree = "<group>"; };
		F67EF2F71A071D4400EA1A9A /* main.m */ = {isa = PBXFileReference; lastKnownFileType = sourcecode.c.objc; path = main.m; sourceTree = "<group>"; };
		F67EF2F91A071D4400EA1A9A /* DoctorAndE-Prefix.pch */ = {isa = PBXFileReference; lastKnownFileType = sourcecode.c.h; path = "DoctorAndE-Prefix.pch"; sourceTree = "<group>"; };
		F67EF2FA1A071D4400EA1A9A /* AppDelegate.h */ = {isa = PBXFileReference; lastKnownFileType = sourcecode.c.h; path = AppDelegate.h; sourceTree = "<group>"; };
		F67EF2FB1A071D4400EA1A9A /* AppDelegate.m */ = {isa = PBXFileReference; lastKnownFileType = sourcecode.c.objc; path = AppDelegate.m; sourceTree = "<group>"; };
		F67EF2FD1A071D4400EA1A9A /* Images.xcassets */ = {isa = PBXFileReference; lastKnownFileType = folder.assetcatalog; path = Images.xcassets; sourceTree = "<group>"; };
		F67EF3031A071D4400EA1A9A /* DoctorAndETests.xctest */ = {isa = PBXFileReference; explicitFileType = wrapper.cfbundle; includeInIndex = 0; path = DoctorAndETests.xctest; sourceTree = BUILT_PRODUCTS_DIR; };
		F67EF3041A071D4400EA1A9A /* XCTest.framework */ = {isa = PBXFileReference; lastKnownFileType = wrapper.framework; name = XCTest.framework; path = Library/Frameworks/XCTest.framework; sourceTree = DEVELOPER_DIR; };
		F67EF30C1A071D4400EA1A9A /* DoctorAndETests-Info.plist */ = {isa = PBXFileReference; lastKnownFileType = text.plist.xml; path = "DoctorAndETests-Info.plist"; sourceTree = "<group>"; };
		F67EF30E1A071D4400EA1A9A /* en */ = {isa = PBXFileReference; lastKnownFileType = text.plist.strings; name = en; path = en.lproj/InfoPlist.strings; sourceTree = "<group>"; };
		F67EF3101A071D4500EA1A9A /* DoctorAndETests.m */ = {isa = PBXFileReference; lastKnownFileType = sourcecode.c.objc; path = DoctorAndETests.m; sourceTree = "<group>"; };
		F67EF3811A07287A00EA1A9A /* LoginViewController.h */ = {isa = PBXFileReference; fileEncoding = 4; lastKnownFileType = sourcecode.c.h; name = LoginViewController.h; path = Class/Login/LoginViewController.h; sourceTree = "<group>"; };
		F67EF3821A07287A00EA1A9A /* LoginViewController.m */ = {isa = PBXFileReference; fileEncoding = 4; lastKnownFileType = sourcecode.c.objc; name = LoginViewController.m; path = Class/Login/LoginViewController.m; sourceTree = "<group>"; };
		F67EF3831A07287A00EA1A9A /* LoginViewController.xib */ = {isa = PBXFileReference; fileEncoding = 4; lastKnownFileType = file.xib; name = LoginViewController.xib; path = Class/Login/LoginViewController.xib; sourceTree = "<group>"; };
		F67EF3861A07289600EA1A9A /* HomeViewController.h */ = {isa = PBXFileReference; fileEncoding = 4; lastKnownFileType = sourcecode.c.h; name = HomeViewController.h; path = Class/Home/HomeViewController.h; sourceTree = "<group>"; };
		F67EF3871A07289600EA1A9A /* HomeViewController.m */ = {isa = PBXFileReference; fileEncoding = 4; lastKnownFileType = sourcecode.c.objc; name = HomeViewController.m; path = Class/Home/HomeViewController.m; sourceTree = "<group>"; };
		F67EF3881A07289600EA1A9A /* HomeViewController.xib */ = {isa = PBXFileReference; fileEncoding = 4; lastKnownFileType = file.xib; name = HomeViewController.xib; path = Class/Home/HomeViewController.xib; sourceTree = "<group>"; };
		F67EF38B1A0728A400EA1A9A /* MedicalCentreViewController.h */ = {isa = PBXFileReference; fileEncoding = 4; lastKnownFileType = sourcecode.c.h; name = MedicalCentreViewController.h; path = Class/MedicalCentre/MedicalCentreViewController.h; sourceTree = "<group>"; };
		F67EF38C1A0728A400EA1A9A /* MedicalCentreViewController.m */ = {isa = PBXFileReference; fileEncoding = 4; lastKnownFileType = sourcecode.c.objc; name = MedicalCentreViewController.m; path = Class/MedicalCentre/MedicalCentreViewController.m; sourceTree = "<group>"; };
		F67EF38D1A0728A400EA1A9A /* MedicalCentreViewController.xib */ = {isa = PBXFileReference; fileEncoding = 4; lastKnownFileType = file.xib; name = MedicalCentreViewController.xib; path = Class/MedicalCentre/MedicalCentreViewController.xib; sourceTree = "<group>"; };
		F67EF3901A0728B400EA1A9A /* HealthStoreViewController.h */ = {isa = PBXFileReference; fileEncoding = 4; lastKnownFileType = sourcecode.c.h; name = HealthStoreViewController.h; path = Class/HealthStore/HealthStoreViewController.h; sourceTree = "<group>"; };
		F67EF3911A0728B400EA1A9A /* HealthStoreViewController.m */ = {isa = PBXFileReference; fileEncoding = 4; lastKnownFileType = sourcecode.c.objc; name = HealthStoreViewController.m; path = Class/HealthStore/HealthStoreViewController.m; sourceTree = "<group>"; };
		F67EF3921A0728B400EA1A9A /* HealthStoreViewController.xib */ = {isa = PBXFileReference; fileEncoding = 4; lastKnownFileType = file.xib; name = HealthStoreViewController.xib; path = Class/HealthStore/HealthStoreViewController.xib; sourceTree = "<group>"; };
		F67EF3951A0728C300EA1A9A /* AppCentreViewController.h */ = {isa = PBXFileReference; fileEncoding = 4; lastKnownFileType = sourcecode.c.h; name = AppCentreViewController.h; path = Class/AppCentre/AppCentreViewController.h; sourceTree = "<group>"; };
		F67EF3961A0728C300EA1A9A /* AppCentreViewController.m */ = {isa = PBXFileReference; fileEncoding = 4; lastKnownFileType = sourcecode.c.objc; name = AppCentreViewController.m; path = Class/AppCentre/AppCentreViewController.m; sourceTree = "<group>"; };
		F67EF3971A0728C300EA1A9A /* AppCentreViewController.xib */ = {isa = PBXFileReference; fileEncoding = 4; lastKnownFileType = file.xib; name = AppCentreViewController.xib; path = Class/AppCentre/AppCentreViewController.xib; sourceTree = "<group>"; };
		F67EF39A1A0728D000EA1A9A /* PersonalCentreViewController.h */ = {isa = PBXFileReference; fileEncoding = 4; lastKnownFileType = sourcecode.c.h; name = PersonalCentreViewController.h; path = Class/PersonalCenter/PersonalCentreViewController.h; sourceTree = "<group>"; };
		F67EF39B1A0728D000EA1A9A /* PersonalCentreViewController.m */ = {isa = PBXFileReference; fileEncoding = 4; lastKnownFileType = sourcecode.c.objc; name = PersonalCentreViewController.m; path = Class/PersonalCenter/PersonalCentreViewController.m; sourceTree = "<group>"; };
		F67EF39C1A0728D000EA1A9A /* PersonalCentreViewController.xib */ = {isa = PBXFileReference; fileEncoding = 4; lastKnownFileType = file.xib; name = PersonalCentreViewController.xib; path = Class/PersonalCenter/PersonalCentreViewController.xib; sourceTree = "<group>"; };
		F68F85BA1A08C20C00B868F9 /* MBProgressHUD.h */ = {isa = PBXFileReference; fileEncoding = 4; lastKnownFileType = sourcecode.c.h; path = MBProgressHUD.h; sourceTree = "<group>"; };
		F68F85BB1A08C20C00B868F9 /* MBProgressHUD.m */ = {isa = PBXFileReference; fileEncoding = 4; lastKnownFileType = sourcecode.c.objc; path = MBProgressHUD.m; sourceTree = "<group>"; };
		F68F85BD1A08C23F00B868F9 /* Tools.h */ = {isa = PBXFileReference; fileEncoding = 4; lastKnownFileType = sourcecode.c.h; name = Tools.h; path = Tools/Tools.h; sourceTree = "<group>"; };
		F68F85BE1A08C23F00B868F9 /* Tools.m */ = {isa = PBXFileReference; fileEncoding = 4; lastKnownFileType = sourcecode.c.objc; name = Tools.m; path = Tools/Tools.m; sourceTree = "<group>"; };
		F6AAE9821A07C2F400D21E28 /* 个人中心_normal.png */ = {isa = PBXFileReference; lastKnownFileType = image.png; name = "个人中心_normal.png"; path = "Images/个人中心_normal.png"; sourceTree = "<group>"; };
		F6AAE9831A07C2F400D21E28 /* 个人中心_pressed.png */ = {isa = PBXFileReference; lastKnownFileType = image.png; name = "个人中心_pressed.png"; path = "Images/个人中心_pressed.png"; sourceTree = "<group>"; };
		F6AAE9841A07C2F400D21E28 /* 健康商城_normal.png */ = {isa = PBXFileReference; lastKnownFileType = image.png; name = "健康商城_normal.png"; path = "Images/健康商城_normal.png"; sourceTree = "<group>"; };
		F6AAE9851A07C2F400D21E28 /* 健康商城_pressed.png */ = {isa = PBXFileReference; lastKnownFileType = image.png; name = "健康商城_pressed.png"; path = "Images/健康商城_pressed.png"; sourceTree = "<group>"; };
		F6AAE9861A07C2F400D21E28 /* 首页_normal.png */ = {isa = PBXFileReference; lastKnownFileType = image.png; name = "首页_normal.png"; path = "Images/首页_normal.png"; sourceTree = "<group>"; };
		F6AAE9871A07C2F400D21E28 /* 首页_pressed.png */ = {isa = PBXFileReference; lastKnownFileType = image.png; name = "首页_pressed.png"; path = "Images/首页_pressed.png"; sourceTree = "<group>"; };
		F6AAE9881A07C2F400D21E28 /* 医疗中心_normal.png */ = {isa = PBXFileReference; lastKnownFileType = image.png; name = "医疗中心_normal.png"; path = "Images/医疗中心_normal.png"; sourceTree = "<group>"; };
		F6AAE9891A07C2F400D21E28 /* 医疗中心_pressed.png */ = {isa = PBXFileReference; lastKnownFileType = image.png; name = "医疗中心_pressed.png"; path = "Images/医疗中心_pressed.png"; sourceTree = "<group>"; };
		F6AAE98A1A07C2F400D21E28 /* 应用中心_normal.png */ = {isa = PBXFileReference; lastKnownFileType = image.png; name = "应用中心_normal.png"; path = "Images/应用中心_normal.png"; sourceTree = "<group>"; };
		F6AAE98B1A07C2F400D21E28 /* 应用中心_pressed.png */ = {isa = PBXFileReference; lastKnownFileType = image.png; name = "应用中心_pressed.png"; path = "Images/应用中心_pressed.png"; sourceTree = "<group>"; };
		F6AAE9961A07CAE700D21E28 /* 个人中心_normal@2x.png */ = {isa = PBXFileReference; lastKnownFileType = image.png; name = "个人中心_normal@2x.png"; path = "Images/个人中心_normal@2x.png"; sourceTree = "<group>"; };
		F6AAE9971A07CAE700D21E28 /* 个人中心_pressed@2x.png */ = {isa = PBXFileReference; lastKnownFileType = image.png; name = "个人中心_pressed@2x.png"; path = "Images/个人中心_pressed@2x.png"; sourceTree = "<group>"; };
		F6AAE9981A07CAE700D21E28 /* 健康商城_normal@2x.png */ = {isa = PBXFileReference; lastKnownFileType = image.png; name = "健康商城_normal@2x.png"; path = "Images/健康商城_normal@2x.png"; sourceTree = "<group>"; };
		F6AAE9991A07CAE700D21E28 /* 健康商城_pressed@2x.png */ = {isa = PBXFileReference; lastKnownFileType = image.png; name = "健康商城_pressed@2x.png"; path = "Images/健康商城_pressed@2x.png"; sourceTree = "<group>"; };
		F6AAE99A1A07CAE700D21E28 /* 首页_normal@2x.png */ = {isa = PBXFileReference; lastKnownFileType = image.png; name = "首页_normal@2x.png"; path = "Images/首页_normal@2x.png"; sourceTree = "<group>"; };
		F6AAE99B1A07CAE700D21E28 /* 首页_pressed@2x.png */ = {isa = PBXFileReference; lastKnownFileType = image.png; name = "首页_pressed@2x.png"; path = "Images/首页_pressed@2x.png"; sourceTree = "<group>"; };
		F6AAE99C1A07CAE700D21E28 /* 医疗中心_normal@2x.png */ = {isa = PBXFileReference; lastKnownFileType = image.png; name = "医疗中心_normal@2x.png"; path = "Images/医疗中心_normal@2x.png"; sourceTree = "<group>"; };
		F6AAE99D1A07CAE700D21E28 /* 医疗中心_pressed@2x.png */ = {isa = PBXFileReference; lastKnownFileType = image.png; name = "医疗中心_pressed@2x.png"; path = "Images/医疗中心_pressed@2x.png"; sourceTree = "<group>"; };
		F6AAE99E1A07CAE700D21E28 /* 应用中心_normal@2x.png */ = {isa = PBXFileReference; lastKnownFileType = image.png; name = "应用中心_normal@2x.png"; path = "Images/应用中心_normal@2x.png"; sourceTree = "<group>"; };
		F6AAE99F1A07CAE700D21E28 /* 应用中心_pressed@2x.png */ = {isa = PBXFileReference; lastKnownFileType = image.png; name = "应用中心_pressed@2x.png"; path = "Images/应用中心_pressed@2x.png"; sourceTree = "<group>"; };
		F6C674CB1A087DAF003786E3 /* Default.png */ = {isa = PBXFileReference; lastKnownFileType = image.png; name = Default.png; path = Images/Default.png; sourceTree = "<group>"; };
		F6C674CC1A087DAF003786E3 /* Default@2x.png */ = {isa = PBXFileReference; lastKnownFileType = image.png; name = "Default@2x.png"; path = "Images/Default@2x.png"; sourceTree = "<group>"; };
		F6C674CD1A087DAF003786E3 /* icon_@2x.png */ = {isa = PBXFileReference; lastKnownFileType = image.png; name = "icon_@2x.png"; path = "Images/icon_@2x.png"; sourceTree = "<group>"; };
		F6C674CE1A087DAF003786E3 /* icon_120.png */ = {isa = PBXFileReference; lastKnownFileType = image.png; name = icon_120.png; path = Images/icon_120.png; sourceTree = "<group>"; };
		F6C674CF1A087DAF003786E3 /* icon.png */ = {isa = PBXFileReference; lastKnownFileType = image.png; name = icon.png; path = Images/icon.png; sourceTree = "<group>"; };
/* End PBXFileReference section */

/* Begin PBXFrameworksBuildPhase section */
		F67EF2E51A071D4400EA1A9A /* Frameworks */ = {
			isa = PBXFrameworksBuildPhase;
			buildActionMask = 2147483647;
			files = (
				F67EF2EE1A071D4400EA1A9A /* CoreGraphics.framework in Frameworks */,
				F67EF2F01A071D4400EA1A9A /* UIKit.framework in Frameworks */,
				F67EF2EC1A071D4400EA1A9A /* Foundation.framework in Frameworks */,
			);
			runOnlyForDeploymentPostprocessing = 0;
		};
		F67EF3001A071D4400EA1A9A /* Frameworks */ = {
			isa = PBXFrameworksBuildPhase;
			buildActionMask = 2147483647;
			files = (
				F67EF3051A071D4400EA1A9A /* XCTest.framework in Frameworks */,
				F67EF3071A071D4400EA1A9A /* UIKit.framework in Frameworks */,
				F67EF3061A071D4400EA1A9A /* Foundation.framework in Frameworks */,
			);
			runOnlyForDeploymentPostprocessing = 0;
		};
/* End PBXFrameworksBuildPhase section */

/* Begin PBXGroup section */
		642E2A051A09BFFB00DDCF1F /* Images */ = {
			isa = PBXGroup;
			children = (
				642E2A591A0A0C5200DDCF1F /* nav-bar_logo.png */,
				642E2A5A1A0A0C5200DDCF1F /* nav-bar_logo@2x.png */,
				642E2A5B1A0A0C5200DDCF1F /* nav-bar_设置.png */,
				642E2A5C1A0A0C5200DDCF1F /* nav-bar_设置@2x.png */,
				642E2A5D1A0A0C5200DDCF1F /* total-screen__bg.png */,
				642E2A5E1A0A0C5200DDCF1F /* total-screen__bg@2x.png */,
				642E2A5F1A0A0C5200DDCF1F /* total-screen__user.png */,
				642E2A601A0A0C5200DDCF1F /* total-screen__user@2x.png */,
				642E2A611A0A0C5200DDCF1F /* total-screen__密码.png */,
				642E2A621A0A0C5200DDCF1F /* total-screen__密码@2x.png */,
				642E2A631A0A0C5200DDCF1F /* total-screen__用户.png */,
				642E2A641A0A0C5200DDCF1F /* total-screen__用户@2x.png */,
				642E2A651A0A0C5200DDCF1F /* total-screen_btn-normal.png */,
				642E2A661A0A0C5200DDCF1F /* total-screen_btn-normal@2x.png */,
				642E2A671A0A0C5200DDCF1F /* total-screen_btn-pressed.png */,
				642E2A681A0A0C5200DDCF1F /* total-screen_btn-pressed@2x.png */,
				642E2A691A0A0C5200DDCF1F /* total-screen_line.png */,
				642E2A6A1A0A0C5200DDCF1F /* total-screen_line@2x.png */,
				642E2A6B1A0A0C5200DDCF1F /* total-screen_找回密码normal.png */,
				642E2A6C1A0A0C5200DDCF1F /* total-screen_找回密码normal@2x.png */,
				642E2A6D1A0A0C5200DDCF1F /* total-screen_找回密码pressed.png */,
				642E2A6E1A0A0C5200DDCF1F /* total-screen_找回密码pressed@2x.png */,
				642E2A6F1A0A0C5200DDCF1F /* total-screen_注册normal.png */,
				642E2A701A0A0C5200DDCF1F /* total-screen_注册normal@2x.png */,
				642E2A711A0A0C5200DDCF1F /* total-screen_注册pressed.png */,
				642E2A721A0A0C5200DDCF1F /* total-screen_注册pressed@2x.png */,
				642E2A731A0A0C5200DDCF1F /* total-screen_登录normal.png */,
				642E2A741A0A0C5200DDCF1F /* total-screen_登录normal@2x.png */,
				642E2A751A0A0C5200DDCF1F /* total-screen_登录pressed.png */,
				642E2A761A0A0C5200DDCF1F /* total-screen_登录pressed@2x.png */,
				642E2A771A0A0C5200DDCF1F /* total-screen_输入框.png */,
				642E2A781A0A0C5200DDCF1F /* total-screen_输入框@2x.png */,
				642E2A791A0A0C5200DDCF1F /* total-screen_验证码输入框.png */,
				642E2A7A1A0A0C5200DDCF1F /* total-screen_验证码输入框@2x.png */,
				642E2A7B1A0A0C5200DDCF1F /* 弹出框_bg.png */,
				642E2A7C1A0A0C5200DDCF1F /* 弹出框_bg@2x.png */,
			);
			name = Images;
			sourceTree = "<group>";
		};
		F669680F1A08B87000157607 /* WaitView */ = {
			isa = PBXGroup;
			children = (
				F66968101A08B87000157607 /* WaitView.h */,
				F66968111A08B87000157607 /* WaitView.m */,
			);
			name = WaitView;
			path = Tools/WaitView;
			sourceTree = "<group>";
		};
		F67EF2DF1A071D4400EA1A9A = {
			isa = PBXGroup;
			children = (
				F67EF2F11A071D4400EA1A9A /* DoctorAndE */,
				F67EF30A1A071D4400EA1A9A /* DoctorAndETests */,
				F67EF2EA1A071D4400EA1A9A /* Frameworks */,
				F67EF2E91A071D4400EA1A9A /* Products */,
			);
			sourceTree = "<group>";
		};
		F67EF2E91A071D4400EA1A9A /* Products */ = {
			isa = PBXGroup;
			children = (
				F67EF2E81A071D4400EA1A9A /* 医加e.app */,
				F67EF3031A071D4400EA1A9A /* DoctorAndETests.xctest */,
			);
			name = Products;
			sourceTree = "<group>";
		};
		F67EF2EA1A071D4400EA1A9A /* Frameworks */ = {
			isa = PBXGroup;
			children = (
				F67EF2EB1A071D4400EA1A9A /* Foundation.framework */,
				F67EF2ED1A071D4400EA1A9A /* CoreGraphics.framework */,
				F67EF2EF1A071D4400EA1A9A /* UIKit.framework */,
				F67EF3041A071D4400EA1A9A /* XCTest.framework */,
			);
			name = Frameworks;
			sourceTree = "<group>";
		};
		F67EF2F11A071D4400EA1A9A /* DoctorAndE */ = {
			isa = PBXGroup;
			children = (
				F68D4BF11A0798510062F311 /* ThridTools */,
				F68D4BF01A0798490062F311 /* Tools */,
				F67EF3581A07231500EA1A9A /* Images */,
				F67EF31A1A071E9900EA1A9A /* Class */,
				F67EF2FA1A071D4400EA1A9A /* AppDelegate.h */,
				F67EF2FB1A071D4400EA1A9A /* AppDelegate.m */,
				F67EF2FD1A071D4400EA1A9A /* Images.xcassets */,
				F67EF2F21A071D4400EA1A9A /* Supporting Files */,
			);
			path = DoctorAndE;
			sourceTree = "<group>";
		};
		F67EF2F21A071D4400EA1A9A /* Supporting Files */ = {
			isa = PBXGroup;
			children = (
				F67EF2F31A071D4400EA1A9A /* DoctorAndE-Info.plist */,
				F67EF2F41A071D4400EA1A9A /* InfoPlist.strings */,
				F67EF2F71A071D4400EA1A9A /* main.m */,
				F67EF2F91A071D4400EA1A9A /* DoctorAndE-Prefix.pch */,
			);
			name = "Supporting Files";
			sourceTree = "<group>";
		};
		F67EF30A1A071D4400EA1A9A /* DoctorAndETests */ = {
			isa = PBXGroup;
			children = (
				F67EF3101A071D4500EA1A9A /* DoctorAndETests.m */,
				F67EF30B1A071D4400EA1A9A /* Supporting Files */,
			);
			path = DoctorAndETests;
			sourceTree = "<group>";
		};
		F67EF30B1A071D4400EA1A9A /* Supporting Files */ = {
			isa = PBXGroup;
			children = (
				F67EF30C1A071D4400EA1A9A /* DoctorAndETests-Info.plist */,
				F67EF30D1A071D4400EA1A9A /* InfoPlist.strings */,
			);
			name = "Supporting Files";
			sourceTree = "<group>";
		};
		F67EF31A1A071E9900EA1A9A /* Class */ = {
			isa = PBXGroup;
			children = (
				F67EF31B1A071EA300EA1A9A /* Login */,
				F67EF31C1A071EAB00EA1A9A /* Home */,
				F67EF3201A071F2700EA1A9A /* MedicalCentre */,
				F67EF31F1A071F0300EA1A9A /* HealthStore */,
				F67EF31E1A071EFC00EA1A9A /* AppCentre */,
				F67EF31D1A071EBD00EA1A9A /* PersonalCentre */,
				F667C01C1A07661000AA6484 /* TabBarViewController.h */,
				F667C01D1A07661000AA6484 /* TabBarViewController.m */,
			);
			name = Class;
			sourceTree = "<group>";
		};
		F67EF31B1A071EA300EA1A9A /* Login */ = {
			isa = PBXGroup;
			children = (
				642E2A051A09BFFB00DDCF1F /* Images */,
				F67EF3811A07287A00EA1A9A /* LoginViewController.h */,
				F67EF3821A07287A00EA1A9A /* LoginViewController.m */,
				F67EF3831A07287A00EA1A9A /* LoginViewController.xib */,
				642E2A4E1A0A032A00DDCF1F /* registerViewController.h */,
				642E2A4F1A0A032A00DDCF1F /* registerViewController.m */,
				642E2A501A0A032A00DDCF1F /* registerViewController.xib */,
				642E2A531A0A075E00DDCF1F /* passwordViewController.h */,
				642E2A541A0A075E00DDCF1F /* passwordViewController.m */,
				642E2A551A0A075E00DDCF1F /* passwordViewController.xib */,
				64E769071A0B163F00DC95A8 /* finshiRegisterViewController.h */,
				64E769081A0B163F00DC95A8 /* finshiRegisterViewController.m */,
				64E769091A0B163F00DC95A8 /* finshiRegisterViewController.xib */,
				64E7690C1A0B7A0F00DC95A8 /* passwordFindViewController.h */,
				64E7690D1A0B7A0F00DC95A8 /* passwordFindViewController.m */,
				64E7690E1A0B7A0F00DC95A8 /* passwordFindViewController.xib */,
			);
			name = Login;
			sourceTree = "<group>";
		};
		F67EF31C1A071EAB00EA1A9A /* Home */ = {
			isa = PBXGroup;
			children = (
				F67EF3861A07289600EA1A9A /* HomeViewController.h */,
				F67EF3871A07289600EA1A9A /* HomeViewController.m */,
				F67EF3881A07289600EA1A9A /* HomeViewController.xib */,
			);
			name = Home;
			sourceTree = "<group>";
		};
		F67EF31D1A071EBD00EA1A9A /* PersonalCentre */ = {
			isa = PBXGroup;
			children = (
				F67EF39A1A0728D000EA1A9A /* PersonalCentreViewController.h */,
				F67EF39B1A0728D000EA1A9A /* PersonalCentreViewController.m */,
				F67EF39C1A0728D000EA1A9A /* PersonalCentreViewController.xib */,
			);
			name = PersonalCentre;
			sourceTree = "<group>";
		};
		F67EF31E1A071EFC00EA1A9A /* AppCentre */ = {
			isa = PBXGroup;
			children = (
				F67EF3951A0728C300EA1A9A /* AppCentreViewController.h */,
				F67EF3961A0728C300EA1A9A /* AppCentreViewController.m */,
				F67EF3971A0728C300EA1A9A /* AppCentreViewController.xib */,
			);
			name = AppCentre;
			sourceTree = "<group>";
		};
		F67EF31F1A071F0300EA1A9A /* HealthStore */ = {
			isa = PBXGroup;
			children = (
				F67EF3901A0728B400EA1A9A /* HealthStoreViewController.h */,
				F67EF3911A0728B400EA1A9A /* HealthStoreViewController.m */,
				F67EF3921A0728B400EA1A9A /* HealthStoreViewController.xib */,
			);
			name = HealthStore;
			sourceTree = "<group>";
		};
		F67EF3201A071F2700EA1A9A /* MedicalCentre */ = {
			isa = PBXGroup;
			children = (
				F67EF38B1A0728A400EA1A9A /* MedicalCentreViewController.h */,
				F67EF38C1A0728A400EA1A9A /* MedicalCentreViewController.m */,
				F67EF38D1A0728A400EA1A9A /* MedicalCentreViewController.xib */,
			);
			name = MedicalCentre;
			sourceTree = "<group>";
		};
		F67EF3581A07231500EA1A9A /* Images */ = {
			isa = PBXGroup;
			children = (
				F66968131A08BE5100157607 /* Default-568h@2x.png */,
				F6C674CB1A087DAF003786E3 /* Default.png */,
				F6C674CC1A087DAF003786E3 /* Default@2x.png */,
				F6C674CD1A087DAF003786E3 /* icon_@2x.png */,
				F6C674CE1A087DAF003786E3 /* icon_120.png */,
				F6C674CF1A087DAF003786E3 /* icon.png */,
				F6AAE9961A07CAE700D21E28 /* 个人中心_normal@2x.png */,
				F6AAE9971A07CAE700D21E28 /* 个人中心_pressed@2x.png */,
				F6AAE9981A07CAE700D21E28 /* 健康商城_normal@2x.png */,
				F6AAE9991A07CAE700D21E28 /* 健康商城_pressed@2x.png */,
				F6AAE99A1A07CAE700D21E28 /* 首页_normal@2x.png */,
				F6AAE99B1A07CAE700D21E28 /* 首页_pressed@2x.png */,
				F6AAE99C1A07CAE700D21E28 /* 医疗中心_normal@2x.png */,
				F6AAE99D1A07CAE700D21E28 /* 医疗中心_pressed@2x.png */,
				F6AAE99E1A07CAE700D21E28 /* 应用中心_normal@2x.png */,
				F6AAE99F1A07CAE700D21E28 /* 应用中心_pressed@2x.png */,
				F6AAE9821A07C2F400D21E28 /* 个人中心_normal.png */,
				F6AAE9831A07C2F400D21E28 /* 个人中心_pressed.png */,
				F6AAE9841A07C2F400D21E28 /* 健康商城_normal.png */,
				F6AAE9851A07C2F400D21E28 /* 健康商城_pressed.png */,
				F6AAE9861A07C2F400D21E28 /* 首页_normal.png */,
				F6AAE9871A07C2F400D21E28 /* 首页_pressed.png */,
				F6AAE9881A07C2F400D21E28 /* 医疗中心_normal.png */,
				F6AAE9891A07C2F400D21E28 /* 医疗中心_pressed.png */,
				F6AAE98A1A07C2F400D21E28 /* 应用中心_normal.png */,
				F6AAE98B1A07C2F400D21E28 /* 应用中心_pressed.png */,
			);
			name = Images;
			sourceTree = "<group>";
		};
		F68D4BF01A0798490062F311 /* Tools */ = {
			isa = PBXGroup;
			children = (
				F669680F1A08B87000157607 /* WaitView */,
				F68F85BD1A08C23F00B868F9 /* Tools.h */,
				F68F85BE1A08C23F00B868F9 /* Tools.m */,
			);
			name = Tools;
			sourceTree = "<group>";
		};
		F68D4BF11A0798510062F311 /* ThridTools */ = {
			isa = PBXGroup;
			children = (
				F68F85B91A08C20C00B868F9 /* MBProgressHUD */,
			);
			name = ThridTools;
			sourceTree = "<group>";
		};
		F68F85B91A08C20C00B868F9 /* MBProgressHUD */ = {
			isa = PBXGroup;
			children = (
				F68F85BA1A08C20C00B868F9 /* MBProgressHUD.h */,
				F68F85BB1A08C20C00B868F9 /* MBProgressHUD.m */,
			);
			name = MBProgressHUD;
			path = ThridTools/MBProgressHUD;
			sourceTree = "<group>";
		};
/* End PBXGroup section */

/* Begin PBXNativeTarget section */
		F67EF2E71A071D4400EA1A9A /* 医加e */ = {
			isa = PBXNativeTarget;
			buildConfigurationList = F67EF3141A071D4500EA1A9A /* Build configuration list for PBXNativeTarget "医加e" */;
			buildPhases = (
				F67EF2E41A071D4400EA1A9A /* Sources */,
				F67EF2E51A071D4400EA1A9A /* Frameworks */,
				F67EF2E61A071D4400EA1A9A /* Resources */,
			);
			buildRules = (
			);
			dependencies = (
			);
			name = "医加e";
			productName = DoctorAndE;
			productReference = F67EF2E81A071D4400EA1A9A /* 医加e.app */;
			productType = "com.apple.product-type.application";
		};
		F67EF3021A071D4400EA1A9A /* DoctorAndETests */ = {
			isa = PBXNativeTarget;
			buildConfigurationList = F67EF3171A071D4500EA1A9A /* Build configuration list for PBXNativeTarget "DoctorAndETests" */;
			buildPhases = (
				F67EF2FF1A071D4400EA1A9A /* Sources */,
				F67EF3001A071D4400EA1A9A /* Frameworks */,
				F67EF3011A071D4400EA1A9A /* Resources */,
			);
			buildRules = (
			);
			dependencies = (
				F67EF3091A071D4400EA1A9A /* PBXTargetDependency */,
			);
			name = DoctorAndETests;
			productName = DoctorAndETests;
			productReference = F67EF3031A071D4400EA1A9A /* DoctorAndETests.xctest */;
			productType = "com.apple.product-type.bundle.unit-test";
		};
/* End PBXNativeTarget section */

/* Begin PBXProject section */
		F67EF2E01A071D4400EA1A9A /* Project object */ = {
			isa = PBXProject;
			attributes = {
				LastUpgradeCheck = 0510;
				ORGANIZATIONNAME = skytoup;
				TargetAttributes = {
					F67EF3021A071D4400EA1A9A = {
						TestTargetID = F67EF2E71A071D4400EA1A9A;
					};
				};
			};
			buildConfigurationList = F67EF2E31A071D4400EA1A9A /* Build configuration list for PBXProject "DoctorAndE" */;
			compatibilityVersion = "Xcode 3.2";
			developmentRegion = English;
			hasScannedForEncodings = 0;
			knownRegions = (
				en,
			);
			mainGroup = F67EF2DF1A071D4400EA1A9A;
			productRefGroup = F67EF2E91A071D4400EA1A9A /* Products */;
			projectDirPath = "";
			projectRoot = "";
			targets = (
				F67EF2E71A071D4400EA1A9A /* 医加e */,
				F67EF3021A071D4400EA1A9A /* DoctorAndETests */,
			);
		};
/* End PBXProject section */

/* Begin PBXResourcesBuildPhase section */
		F67EF2E61A071D4400EA1A9A /* Resources */ = {
			isa = PBXResourcesBuildPhase;
			buildActionMask = 2147483647;
			files = (
				642E2A841A0A0C5200DDCF1F /* total-screen__user@2x.png in Resources */,
				F6AAE9951A07C2F400D21E28 /* 应用中心_pressed.png in Resources */,
				642E2A941A0A0C5200DDCF1F /* total-screen_注册normal@2x.png in Resources */,
				F6AAE9A91A07CAE700D21E28 /* 应用中心_pressed@2x.png in Resources */,
				642E2A811A0A0C5200DDCF1F /* total-screen__bg.png in Resources */,
				F6AAE98F1A07C2F400D21E28 /* 健康商城_pressed.png in Resources */,
				F67EF38F1A0728A400EA1A9A /* MedicalCentreViewController.xib in Resources */,
				F67EF2F61A071D4400EA1A9A /* InfoPlist.strings in Resources */,
				F6AAE9921A07C2F400D21E28 /* 医疗中心_normal.png in Resources */,
				642E2A9E1A0A0C5200DDCF1F /* total-screen_验证码输入框@2x.png in Resources */,
				F67EF2FE1A071D4400EA1A9A /* Images.xcassets in Resources */,
				F6AAE98C1A07C2F400D21E28 /* 个人中心_normal.png in Resources */,
				642E2A9D1A0A0C5200DDCF1F /* total-screen_验证码输入框.png in Resources */,
				64E7690B1A0B163F00DC95A8 /* finshiRegisterViewController.xib in Resources */,
				642E2A8E1A0A0C5200DDCF1F /* total-screen_line@2x.png in Resources */,
				642E2A951A0A0C5200DDCF1F /* total-screen_注册pressed.png in Resources */,
				F6AAE9A01A07CAE700D21E28 /* 个人中心_normal@2x.png in Resources */,
				F6AAE98D1A07C2F400D21E28 /* 个人中心_pressed.png in Resources */,
				642E2A521A0A032A00DDCF1F /* registerViewController.xib in Resources */,
				F67EF3851A07287A00EA1A9A /* LoginViewController.xib in Resources */,
				F67EF3941A0728B400EA1A9A /* HealthStoreViewController.xib in Resources */,
				642E2A881A0A0C5200DDCF1F /* total-screen__用户@2x.png in Resources */,
				F6C674D51A087DB0003786E3 /* icon.png in Resources */,
				F6AAE9A31A07CAE700D21E28 /* 健康商城_pressed@2x.png in Resources */,
				642E2A9B1A0A0C5200DDCF1F /* total-screen_输入框.png in Resources */,
				642E2A971A0A0C5200DDCF1F /* total-screen_登录normal.png in Resources */,
				F6C674D21A087DB0003786E3 /* Default@2x.png in Resources */,
				642E2A901A0A0C5200DDCF1F /* total-screen_找回密码normal@2x.png in Resources */,
				642E2A9F1A0A0C5200DDCF1F /* 弹出框_bg.png in Resources */,
				F6AAE9A61A07CAE700D21E28 /* 医疗中心_normal@2x.png in Resources */,
				642E2A861A0A0C5200DDCF1F /* total-screen__密码@2x.png in Resources */,
				F6AAE9A21A07CAE700D21E28 /* 健康商城_normal@2x.png in Resources */,
				642E2A981A0A0C5200DDCF1F /* total-screen_登录normal@2x.png in Resources */,
				F67EF3991A0728C300EA1A9A /* AppCentreViewController.xib in Resources */,
				F6C674D31A087DB0003786E3 /* icon_@2x.png in Resources */,
				642E2A891A0A0C5200DDCF1F /* total-screen_btn-normal.png in Resources */,
				642E2A8C1A0A0C5200DDCF1F /* total-screen_btn-pressed@2x.png in Resources */,
				F6AAE9A51A07CAE700D21E28 /* 首页_pressed@2x.png in Resources */,
				642E2A961A0A0C5200DDCF1F /* total-screen_注册pressed@2x.png in Resources */,
				642E2A8D1A0A0C5200DDCF1F /* total-screen_line.png in Resources */,
				642E2A821A0A0C5200DDCF1F /* total-screen__bg@2x.png in Resources */,
				642E2AA01A0A0C5200DDCF1F /* 弹出框_bg@2x.png in Resources */,
				642E2A571A0A075E00DDCF1F /* passwordViewController.xib in Resources */,
				F6AAE9A41A07CAE700D21E28 /* 首页_normal@2x.png in Resources */,
				642E2A9A1A0A0C5200DDCF1F /* total-screen_登录pressed@2x.png in Resources */,
				F6AAE9931A07C2F400D21E28 /* 医疗中心_pressed.png in Resources */,
				F6C674D11A087DB0003786E3 /* Default.png in Resources */,
				642E2A7E1A0A0C5200DDCF1F /* nav-bar_logo@2x.png in Resources */,
				64E769101A0B7A0F00DC95A8 /* passwordFindViewController.xib in Resources */,
				F6AAE9A11A07CAE700D21E28 /* 个人中心_pressed@2x.png in Resources */,
				642E2A7F1A0A0C5200DDCF1F /* nav-bar_设置.png in Resources */,
				642E2A851A0A0C5200DDCF1F /* total-screen__密码.png in Resources */,
				642E2A871A0A0C5200DDCF1F /* total-screen__用户.png in Resources */,
				F6AAE9A81A07CAE700D21E28 /* 应用中心_normal@2x.png in Resources */,
				F66968141A08BE5100157607 /* Default-568h@2x.png in Resources */,
				642E2A931A0A0C5200DDCF1F /* total-screen_注册normal.png in Resources */,
				642E2A801A0A0C5200DDCF1F /* nav-bar_设置@2x.png in Resources */,
				642E2A991A0A0C5200DDCF1F /* total-screen_登录pressed.png in Resources */,
				642E2A9C1A0A0C5200DDCF1F /* total-screen_输入框@2x.png in Resources */,
				F6AAE98E1A07C2F400D21E28 /* 健康商城_normal.png in Resources */,
				F6AAE9901A07C2F400D21E28 /* 首页_normal.png in Resources */,
				642E2A8A1A0A0C5200DDCF1F /* total-screen_btn-normal@2x.png in Resources */,
				F67EF39E1A0728D000EA1A9A /* PersonalCentreViewController.xib in Resources */,
				F6C674D41A087DB0003786E3 /* icon_120.png in Resources */,
				F6AAE9941A07C2F400D21E28 /* 应用中心_normal.png in Resources */,
				F6AAE9A71A07CAE700D21E28 /* 医疗中心_pressed@2x.png in Resources */,
				642E2A8F1A0A0C5200DDCF1F /* total-screen_找回密码normal.png in Resources */,
				642E2A7D1A0A0C5200DDCF1F /* nav-bar_logo.png in Resources */,
				642E2A8B1A0A0C5200DDCF1F /* total-screen_btn-pressed.png in Resources */,
				642E2A831A0A0C5200DDCF1F /* total-screen__user.png in Resources */,
				F67EF38A1A07289600EA1A9A /* HomeViewController.xib in Resources */,
				642E2A921A0A0C5200DDCF1F /* total-screen_找回密码pressed@2x.png in Resources */,
				F6AAE9911A07C2F400D21E28 /* 首页_pressed.png in Resources */,
				642E2A911A0A0C5200DDCF1F /* total-screen_找回密码pressed.png in Resources */,
			);
			runOnlyForDeploymentPostprocessing = 0;
		};
		F67EF3011A071D4400EA1A9A /* Resources */ = {
			isa = PBXResourcesBuildPhase;
			buildActionMask = 2147483647;
			files = (
				F67EF30F1A071D4400EA1A9A /* InfoPlist.strings in Resources */,
			);
			runOnlyForDeploymentPostprocessing = 0;
		};
/* End PBXResourcesBuildPhase section */

/* Begin PBXSourcesBuildPhase section */
		F67EF2E41A071D4400EA1A9A /* Sources */ = {
			isa = PBXSourcesBuildPhase;
			buildActionMask = 2147483647;
			files = (
				F67EF3931A0728B400EA1A9A /* HealthStoreViewController.m in Sources */,
				642E2A511A0A032A00DDCF1F /* registerViewController.m in Sources */,
				F67EF2FC1A071D4400EA1A9A /* AppDelegate.m in Sources */,
				642E2A561A0A075E00DDCF1F /* passwordViewController.m in Sources */,
				F67EF2F81A071D4400EA1A9A /* main.m in Sources */,
				F68F85BF1A08C23F00B868F9 /* Tools.m in Sources */,
				F67EF38E1A0728A400EA1A9A /* MedicalCentreViewController.m in Sources */,
				F68F85BC1A08C20C00B868F9 /* MBProgressHUD.m in Sources */,
				F67EF3981A0728C300EA1A9A /* AppCentreViewController.m in Sources */,
				F67EF39D1A0728D000EA1A9A /* PersonalCentreViewController.m in Sources */,
				64E7690F1A0B7A0F00DC95A8 /* passwordFindViewController.m in Sources */,
				F67EF3841A07287A00EA1A9A /* LoginViewController.m in Sources */,
				F66968121A08B87000157607 /* WaitView.m in Sources */,
				F667C01F1A07661000AA6484 /* TabBarViewController.m in Sources */,
				F67EF3891A07289600EA1A9A /* HomeViewController.m in Sources */,
				64E7690A1A0B163F00DC95A8 /* finshiRegisterViewController.m in Sources */,
			);
			runOnlyForDeploymentPostprocessing = 0;
		};
		F67EF2FF1A071D4400EA1A9A /* Sources */ = {
			isa = PBXSourcesBuildPhase;
			buildActionMask = 2147483647;
			files = (
				F67EF3111A071D4500EA1A9A /* DoctorAndETests.m in Sources */,
			);
			runOnlyForDeploymentPostprocessing = 0;
		};
/* End PBXSourcesBuildPhase section */

/* Begin PBXTargetDependency section */
		F67EF3091A071D4400EA1A9A /* PBXTargetDependency */ = {
			isa = PBXTargetDependency;
			target = F67EF2E71A071D4400EA1A9A /* 医加e */;
			targetProxy = F67EF3081A071D4400EA1A9A /* PBXContainerItemProxy */;
		};
/* End PBXTargetDependency section */

/* Begin PBXVariantGroup section */
		F67EF2F41A071D4400EA1A9A /* InfoPlist.strings */ = {
			isa = PBXVariantGroup;
			children = (
				F67EF2F51A071D4400EA1A9A /* en */,
			);
			name = InfoPlist.strings;
			sourceTree = "<group>";
		};
		F67EF30D1A071D4400EA1A9A /* InfoPlist.strings */ = {
			isa = PBXVariantGroup;
			children = (
				F67EF30E1A071D4400EA1A9A /* en */,
			);
			name = InfoPlist.strings;
			sourceTree = "<group>";
		};
/* End PBXVariantGroup section */

/* Begin XCBuildConfiguration section */
		F67EF3121A071D4500EA1A9A /* Debug */ = {
			isa = XCBuildConfiguration;
			buildSettings = {
				ALWAYS_SEARCH_USER_PATHS = NO;
				CLANG_CXX_LANGUAGE_STANDARD = "gnu++0x";
				CLANG_CXX_LIBRARY = "libc++";
				CLANG_ENABLE_MODULES = YES;
				CLANG_ENABLE_OBJC_ARC = YES;
				CLANG_WARN_BOOL_CONVERSION = YES;
				CLANG_WARN_CONSTANT_CONVERSION = YES;
				CLANG_WARN_DIRECT_OBJC_ISA_USAGE = YES_ERROR;
				CLANG_WARN_EMPTY_BODY = YES;
				CLANG_WARN_ENUM_CONVERSION = YES;
				CLANG_WARN_INT_CONVERSION = YES;
				CLANG_WARN_OBJC_ROOT_CLASS = YES_ERROR;
				CLANG_WARN__DUPLICATE_METHOD_MATCH = YES;
				"CODE_SIGN_IDENTITY[sdk=iphoneos*]" = "iPhone Developer";
				COPY_PHASE_STRIP = NO;
				GCC_C_LANGUAGE_STANDARD = gnu99;
				GCC_DYNAMIC_NO_PIC = NO;
				GCC_OPTIMIZATION_LEVEL = 0;
				GCC_PREPROCESSOR_DEFINITIONS = (
					"DEBUG=1",
					"$(inherited)",
				);
				GCC_SYMBOLS_PRIVATE_EXTERN = NO;
				GCC_WARN_64_TO_32_BIT_CONVERSION = YES;
				GCC_WARN_ABOUT_RETURN_TYPE = YES_ERROR;
				GCC_WARN_UNDECLARED_SELECTOR = YES;
				GCC_WARN_UNINITIALIZED_AUTOS = YES_AGGRESSIVE;
				GCC_WARN_UNUSED_FUNCTION = YES;
				GCC_WARN_UNUSED_VARIABLE = YES;
				IPHONEOS_DEPLOYMENT_TARGET = 7.1;
				ONLY_ACTIVE_ARCH = YES;
				SDKROOT = iphoneos;
			};
			name = Debug;
		};
		F67EF3131A071D4500EA1A9A /* Release */ = {
			isa = XCBuildConfiguration;
			buildSettings = {
				ALWAYS_SEARCH_USER_PATHS = NO;
				CLANG_CXX_LANGUAGE_STANDARD = "gnu++0x";
				CLANG_CXX_LIBRARY = "libc++";
				CLANG_ENABLE_MODULES = YES;
				CLANG_ENABLE_OBJC_ARC = YES;
				CLANG_WARN_BOOL_CONVERSION = YES;
				CLANG_WARN_CONSTANT_CONVERSION = YES;
				CLANG_WARN_DIRECT_OBJC_ISA_USAGE = YES_ERROR;
				CLANG_WARN_EMPTY_BODY = YES;
				CLANG_WARN_ENUM_CONVERSION = YES;
				CLANG_WARN_INT_CONVERSION = YES;
				CLANG_WARN_OBJC_ROOT_CLASS = YES_ERROR;
				CLANG_WARN__DUPLICATE_METHOD_MATCH = YES;
				"CODE_SIGN_IDENTITY[sdk=iphoneos*]" = "iPhone Developer";
				COPY_PHASE_STRIP = YES;
				ENABLE_NS_ASSERTIONS = NO;
				GCC_C_LANGUAGE_STANDARD = gnu99;
				GCC_WARN_64_TO_32_BIT_CONVERSION = YES;
				GCC_WARN_ABOUT_RETURN_TYPE = YES_ERROR;
				GCC_WARN_UNDECLARED_SELECTOR = YES;
				GCC_WARN_UNINITIALIZED_AUTOS = YES_AGGRESSIVE;
				GCC_WARN_UNUSED_FUNCTION = YES;
				GCC_WARN_UNUSED_VARIABLE = YES;
				IPHONEOS_DEPLOYMENT_TARGET = 7.1;
				SDKROOT = iphoneos;
				VALIDATE_PRODUCT = YES;
			};
			name = Release;
		};
		F67EF3151A071D4500EA1A9A /* Debug */ = {
			isa = XCBuildConfiguration;
			buildSettings = {
				GCC_PRECOMPILE_PREFIX_HEADER = YES;
				GCC_PREFIX_HEADER = "DoctorAndE/DoctorAndE-Prefix.pch";
				INFOPLIST_FILE = "DoctorAndE/DoctorAndE-Info.plist";
				IPHONEOS_DEPLOYMENT_TARGET = 6.0;
				PRODUCT_NAME = "$(TARGET_NAME)";
				WRAPPER_EXTENSION = app;
			};
			name = Debug;
		};
		F67EF3161A071D4500EA1A9A /* Release */ = {
			isa = XCBuildConfiguration;
			buildSettings = {
				GCC_PRECOMPILE_PREFIX_HEADER = YES;
				GCC_PREFIX_HEADER = "DoctorAndE/DoctorAndE-Prefix.pch";
				INFOPLIST_FILE = "DoctorAndE/DoctorAndE-Info.plist";
				IPHONEOS_DEPLOYMENT_TARGET = 6.0;
				PRODUCT_NAME = "$(TARGET_NAME)";
				WRAPPER_EXTENSION = app;
			};
			name = Release;
		};
		F67EF3181A071D4500EA1A9A /* Debug */ = {
			isa = XCBuildConfiguration;
			buildSettings = {
				BUNDLE_LOADER = "$(BUILT_PRODUCTS_DIR)/DoctorAndE.app/DoctorAndE";
				FRAMEWORK_SEARCH_PATHS = (
					"$(SDKROOT)/Developer/Library/Frameworks",
					"$(inherited)",
					"$(DEVELOPER_FRAMEWORKS_DIR)",
				);
				GCC_PRECOMPILE_PREFIX_HEADER = YES;
				GCC_PREFIX_HEADER = "DoctorAndE/DoctorAndE-Prefix.pch";
				GCC_PREPROCESSOR_DEFINITIONS = (
					"DEBUG=1",
					"$(inherited)",
				);
				INFOPLIST_FILE = "DoctorAndETests/DoctorAndETests-Info.plist";
				PRODUCT_NAME = "$(TARGET_NAME)";
				TEST_HOST = "$(BUNDLE_LOADER)";
				WRAPPER_EXTENSION = xctest;
			};
			name = Debug;
		};
		F67EF3191A071D4500EA1A9A /* Release */ = {
			isa = XCBuildConfiguration;
			buildSettings = {
				BUNDLE_LOADER = "$(BUILT_PRODUCTS_DIR)/DoctorAndE.app/DoctorAndE";
				FRAMEWORK_SEARCH_PATHS = (
					"$(SDKROOT)/Developer/Library/Frameworks",
					"$(inherited)",
					"$(DEVELOPER_FRAMEWORKS_DIR)",
				);
				GCC_PRECOMPILE_PREFIX_HEADER = YES;
				GCC_PREFIX_HEADER = "DoctorAndE/DoctorAndE-Prefix.pch";
				INFOPLIST_FILE = "DoctorAndETests/DoctorAndETests-Info.plist";
				PRODUCT_NAME = "$(TARGET_NAME)";
				TEST_HOST = "$(BUNDLE_LOADER)";
				WRAPPER_EXTENSION = xctest;
			};
			name = Release;
		};
/* End XCBuildConfiguration section */

/* Begin XCConfigurationList section */
		F67EF2E31A071D4400EA1A9A /* Build configuration list for PBXProject "DoctorAndE" */ = {
			isa = XCConfigurationList;
			buildConfigurations = (
				F67EF3121A071D4500EA1A9A /* Debug */,
				F67EF3131A071D4500EA1A9A /* Release */,
			);
			defaultConfigurationIsVisible = 0;
			defaultConfigurationName = Release;
		};
		F67EF3141A071D4500EA1A9A /* Build configuration list for PBXNativeTarget "医加e" */ = {
			isa = XCConfigurationList;
			buildConfigurations = (
				F67EF3151A071D4500EA1A9A /* Debug */,
				F67EF3161A071D4500EA1A9A /* Release */,
			);
			defaultConfigurationIsVisible = 0;
			defaultConfigurationName = Release;
		};
		F67EF3171A071D4500EA1A9A /* Build configuration list for PBXNativeTarget "DoctorAndETests" */ = {
			isa = XCConfigurationList;
			buildConfigurations = (
				F67EF3181A071D4500EA1A9A /* Debug */,
				F67EF3191A071D4500EA1A9A /* Release */,
			);
			defaultConfigurationIsVisible = 0;
			defaultConfigurationName = Release;
		};
/* End XCConfigurationList section */
	};
	rootObject = F67EF2E01A071D4400EA1A9A /* Project object */;
}
